// !$*UTF8*$!
{
	archiveVersion = 1;
	classes = {
	};
	objectVersion = 56;
	objects = {

/* Begin PBXBuildFile section */
		ACEB1C0729C79E0E00F2CC61 /* TipJarApp.swift in Sources */ = {isa = PBXBuildFile; fileRef = ACEB1C0629C79E0E00F2CC61 /* TipJarApp.swift */; };
		ACEB1C0929C79E0E00F2CC61 /* ContentView.swift in Sources */ = {isa = PBXBuildFile; fileRef = ACEB1C0829C79E0E00F2CC61 /* ContentView.swift */; };
		ACEB1C0B29C79E0E00F2CC61 /* Assets.xcassets in Resources */ = {isa = PBXBuildFile; fileRef = ACEB1C0A29C79E0E00F2CC61 /* Assets.xcassets */; };
		ACEB1C0E29C79E0E00F2CC61 /* Preview Assets.xcassets in Resources */ = {isa = PBXBuildFile; fileRef = ACEB1C0D29C79E0E00F2CC61 /* Preview Assets.xcassets */; };
		ACEB1C1629C79F6C00F2CC61 /* RevenueCat in Frameworks */ = {isa = PBXBuildFile; productRef = ACEB1C1529C79F6C00F2CC61 /* RevenueCat */; };
		ACEB1C1829C79F8100F2CC61 /* TipJarView.swift in Sources */ = {isa = PBXBuildFile; fileRef = ACEB1C1729C79F8100F2CC61 /* TipJarView.swift */; };
		ACEB1C1A29C79FA700F2CC61 /* IAPManager.swift in Sources */ = {isa = PBXBuildFile; fileRef = ACEB1C1929C79FA700F2CC61 /* IAPManager.swift */; };
		ACEB1C1F29C7A00C00F2CC61 /* Constants.swift in Sources */ = {isa = PBXBuildFile; fileRef = ACEB1C1E29C7A00C00F2CC61 /* Constants.swift */; };
/* End PBXBuildFile section */

/* Begin PBXFileReference section */
		ACEB1C0329C79E0E00F2CC61 /* TipJar.app */ = {isa = PBXFileReference; explicitFileType = wrapper.application; includeInIndex = 0; path = TipJar.app; sourceTree = BUILT_PRODUCTS_DIR; };
		ACEB1C0629C79E0E00F2CC61 /* TipJarApp.swift */ = {isa = PBXFileReference; lastKnownFileType = sourcecode.swift; path = TipJarApp.swift; sourceTree = "<group>"; };
		ACEB1C0829C79E0E00F2CC61 /* ContentView.swift */ = {isa = PBXFileReference; lastKnownFileType = sourcecode.swift; path = ContentView.swift; sourceTree = "<group>"; };
		ACEB1C0A29C79E0E00F2CC61 /* Assets.xcassets */ = {isa = PBXFileReference; lastKnownFileType = folder.assetcatalog; path = Assets.xcassets; sourceTree = "<group>"; };
		ACEB1C0D29C79E0E00F2CC61 /* Preview Assets.xcassets */ = {isa = PBXFileReference; lastKnownFileType = folder.assetcatalog; path = "Preview Assets.xcassets"; sourceTree = "<group>"; };
		ACEB1C1729C79F8100F2CC61 /* TipJarView.swift */ = {isa = PBXFileReference; fileEncoding = 4; lastKnownFileType = sourcecode.swift; path = TipJarView.swift; sourceTree = "<group>"; };
		ACEB1C1929C79FA700F2CC61 /* IAPManager.swift */ = {isa = PBXFileReference; fileEncoding = 4; lastKnownFileType = sourcecode.swift; path = IAPManager.swift; sourceTree = "<group>"; };
		ACEB1C1E29C7A00C00F2CC61 /* Constants.swift */ = {isa = PBXFileReference; fileEncoding = 4; lastKnownFileType = sourcecode.swift; path = Constants.swift; sourceTree = "<group>"; };
/* End PBXFileReference section */

/* Begin PBXFrameworksBuildPhase section */
		ACEB1C0029C79E0E00F2CC61 /* Frameworks */ = {
			isa = PBXFrameworksBuildPhase;
			buildActionMask = 2147483647;
			files = (
				ACEB1C1629C79F6C00F2CC61 /* RevenueCat in Frameworks */,
			);
			runOnlyForDeploymentPostprocessing = 0;
		};
/* End PBXFrameworksBuildPhase section */

/* Begin PBXGroup section */
		ACEB1BFA29C79E0E00F2CC61 = {
			isa = PBXGroup;
			children = (
				ACEB1C0529C79E0E00F2CC61 /* TipJar */,
				ACEB1C0429C79E0E00F2CC61 /* Products */,
			);
			sourceTree = "<group>";
		};
		ACEB1C0429C79E0E00F2CC61 /* Products */ = {
			isa = PBXGroup;
			children = (
				ACEB1C0329C79E0E00F2CC61 /* TipJar.app */,
			);
			name = Products;
			sourceTree = "<group>";
		};
		ACEB1C0529C79E0E00F2CC61 /* TipJar */ = {
			isa = PBXGroup;
			children = (
				ACEB1C1D29C79FD500F2CC61 /* App */,
				ACEB1C1C29C79FCE00F2CC61 /* Views */,
				ACEB1C1B29C79FC800F2CC61 /* Utils */,
				ACEB1C0A29C79E0E00F2CC61 /* Assets.xcassets */,
				ACEB1C0C29C79E0E00F2CC61 /* Preview Content */,
			);
			path = TipJar;
			sourceTree = "<group>";
		};
		ACEB1C0C29C79E0E00F2CC61 /* Preview Content */ = {
			isa = PBXGroup;
			children = (
				ACEB1C0D29C79E0E00F2CC61 /* Preview Assets.xcassets */,
			);
			path = "Preview Content";
			sourceTree = "<group>";
		};
		ACEB1C1B29C79FC800F2CC61 /* Utils */ = {
			isa = PBXGroup;
			children = (
				ACEB1C1E29C7A00C00F2CC61 /* Constants.swift */,
				ACEB1C1929C79FA700F2CC61 /* IAPManager.swift */,
			);
			path = Utils;
			sourceTree = "<group>";
		};
		ACEB1C1C29C79FCE00F2CC61 /* Views */ = {
			isa = PBXGroup;
			children = (
				ACEB1C1729C79F8100F2CC61 /* TipJarView.swift */,
			);
			path = Views;
			sourceTree = "<group>";
		};
		ACEB1C1D29C79FD500F2CC61 /* App */ = {
			isa = PBXGroup;
			children = (
				ACEB1C0829C79E0E00F2CC61 /* ContentView.swift */,
				ACEB1C0629C79E0E00F2CC61 /* TipJarApp.swift */,
			);
			path = App;
			sourceTree = "<group>";
		};
/* End PBXGroup section */

/* Begin PBXNativeTarget section */
		ACEB1C0229C79E0E00F2CC61 /* TipJar */ = {
			isa = PBXNativeTarget;
			buildConfigurationList = ACEB1C1129C79E0E00F2CC61 /* Build configuration list for PBXNativeTarget "TipJar" */;
			buildPhases = (
				ACEB1BFF29C79E0E00F2CC61 /* Sources */,
				ACEB1C0029C79E0E00F2CC61 /* Frameworks */,
				ACEB1C0129C79E0E00F2CC61 /* Resources */,
			);
			buildRules = (
			);
			dependencies = (
			);
			name = TipJar;
			packageProductDependencies = (
				ACEB1C1529C79F6C00F2CC61 /* RevenueCat */,
			);
			productName = TipJar;
			productReference = ACEB1C0329C79E0E00F2CC61 /* TipJar.app */;
			productType = "com.apple.product-type.application";
		};
/* End PBXNativeTarget section */

/* Begin PBXProject section */
		ACEB1BFB29C79E0E00F2CC61 /* Project object */ = {
			isa = PBXProject;
			attributes = {
				BuildIndependentTargetsInParallel = 1;
				LastSwiftUpdateCheck = 1420;
				LastUpgradeCheck = 1420;
				TargetAttributes = {
					ACEB1C0229C79E0E00F2CC61 = {
						CreatedOnToolsVersion = 14.2;
					};
				};
			};
			buildConfigurationList = ACEB1BFE29C79E0E00F2CC61 /* Build configuration list for PBXProject "TipJar" */;
			compatibilityVersion = "Xcode 14.0";
			developmentRegion = en;
			hasScannedForEncodings = 0;
			knownRegions = (
				en,
				Base,
			);
			mainGroup = ACEB1BFA29C79E0E00F2CC61;
			packageReferences = (
				ACEB1C1429C79F6C00F2CC61 /* XCRemoteSwiftPackageReference "purchases-ios" */,
			);
			productRefGroup = ACEB1C0429C79E0E00F2CC61 /* Products */;
			projectDirPath = "";
			projectRoot = "";
			targets = (
				ACEB1C0229C79E0E00F2CC61 /* TipJar */,
			);
		};
/* End PBXProject section */

/* Begin PBXResourcesBuildPhase section */
		ACEB1C0129C79E0E00F2CC61 /* Resources */ = {
			isa = PBXResourcesBuildPhase;
			buildActionMask = 2147483647;
			files = (
				ACEB1C0E29C79E0E00F2CC61 /* Preview Assets.xcassets in Resources */,
				ACEB1C0B29C79E0E00F2CC61 /* Assets.xcassets in Resources */,
			);
			runOnlyForDeploymentPostprocessing = 0;
		};
/* End PBXResourcesBuildPhase section */

/* Begin PBXSourcesBuildPhase section */
		ACEB1BFF29C79E0E00F2CC61 /* Sources */ = {
			isa = PBXSourcesBuildPhase;
			buildActionMask = 2147483647;
			files = (
				ACEB1C1F29C7A00C00F2CC61 /* Constants.swift in Sources */,
				ACEB1C1A29C79FA700F2CC61 /* IAPManager.swift in Sources */,
				ACEB1C1829C79F8100F2CC61 /* TipJarView.swift in Sources */,
				ACEB1C0929C79E0E00F2CC61 /* ContentView.swift in Sources */,
				ACEB1C0729C79E0E00F2CC61 /* TipJarApp.swift in Sources */,
			);
			runOnlyForDeploymentPostprocessing = 0;
		};
/* End PBXSourcesBuildPhase section */

/* Begin XCBuildConfiguration section */
		ACEB1C0F29C79E0E00F2CC61 /* Debug */ = {
			isa = XCBuildConfiguration;
			buildSettings = {
				ALWAYS_SEARCH_USER_PATHS = NO;
				CLANG_ANALYZER_NONNULL = YES;
				CLANG_ANALYZER_NUMBER_OBJECT_CONVERSION = YES_AGGRESSIVE;
				CLANG_CXX_LANGUAGE_STANDARD = "gnu++20";
				CLANG_ENABLE_MODULES = YES;
				CLANG_ENABLE_OBJC_ARC = YES;
				CLANG_ENABLE_OBJC_WEAK = YES;
				CLANG_WARN_BLOCK_CAPTURE_AUTORELEASING = YES;
				CLANG_WARN_BOOL_CONVERSION = YES;
				CLANG_WARN_COMMA = YES;
				CLANG_WARN_CONSTANT_CONVERSION = YES;
				CLANG_WARN_DEPRECATED_OBJC_IMPLEMENTATIONS = YES;
				CLANG_WARN_DIRECT_OBJC_ISA_USAGE = YES_ERROR;
				CLANG_WARN_DOCUMENTATION_COMMENTS = YES;
				CLANG_WARN_EMPTY_BODY = YES;
				CLANG_WARN_ENUM_CONVERSION = YES;
				CLANG_WARN_INFINITE_RECURSION = YES;
				CLANG_WARN_INT_CONVERSION = YES;
				CLANG_WARN_NON_LITERAL_NULL_CONVERSION = YES;
				CLANG_WARN_OBJC_IMPLICIT_RETAIN_SELF = YES;
				CLANG_WARN_OBJC_LITERAL_CONVERSION = YES;
				CLANG_WARN_OBJC_ROOT_CLASS = YES_ERROR;
				CLANG_WARN_QUOTED_INCLUDE_IN_FRAMEWORK_HEADER = YES;
				CLANG_WARN_RANGE_LOOP_ANALYSIS = YES;
				CLANG_WARN_STRICT_PROTOTYPES = YES;
				CLANG_WARN_SUSPICIOUS_MOVE = YES;
				CLANG_WARN_UNGUARDED_AVAILABILITY = YES_AGGRESSIVE;
				CLANG_WARN_UNREACHABLE_CODE = YES;
				CLANG_WARN__DUPLICATE_METHOD_MATCH = YES;
				COPY_PHASE_STRIP = NO;
				DEBUG_INFORMATION_FORMAT = dwarf;
				ENABLE_STRICT_OBJC_MSGSEND = YES;
				ENABLE_TESTABILITY = YES;
				GCC_C_LANGUAGE_STANDARD = gnu11;
				GCC_DYNAMIC_NO_PIC = NO;
				GCC_NO_COMMON_BLOCKS = YES;
				GCC_OPTIMIZATION_LEVEL = 0;
				GCC_PREPROCESSOR_DEFINITIONS = (
					"DEBUG=1",
					"$(inherited)",
				);
				GCC_WARN_64_TO_32_BIT_CONVERSION = YES;
				GCC_WARN_ABOUT_RETURN_TYPE = YES_ERROR;
				GCC_WARN_UNDECLARED_SELECTOR = YES;
				GCC_WARN_UNINITIALIZED_AUTOS = YES_AGGRESSIVE;
				GCC_WARN_UNUSED_FUNCTION = YES;
				GCC_WARN_UNUSED_VARIABLE = YES;
				IPHONEOS_DEPLOYMENT_TARGET = 16.2;
				MTL_ENABLE_DEBUG_INFO = INCLUDE_SOURCE;
				MTL_FAST_MATH = YES;
				ONLY_ACTIVE_ARCH = YES;
				SDKROOT = iphoneos;
				SWIFT_ACTIVE_COMPILATION_CONDITIONS = DEBUG;
				SWIFT_OPTIMIZATION_LEVEL = "-Onone";
			};
			name = Debug;
		};
		ACEB1C1029C79E0E00F2CC61 /* Release */ = {
			isa = XCBuildConfiguration;
			buildSettings = {
				ALWAYS_SEARCH_USER_PATHS = NO;
				CLANG_ANALYZER_NONNULL = YES;
				CLANG_ANALYZER_NUMBER_OBJECT_CONVERSION = YES_AGGRESSIVE;
				CLANG_CXX_LANGUAGE_STANDARD = "gnu++20";
				CLANG_ENABLE_MODULES = YES;
				CLANG_ENABLE_OBJC_ARC = YES;
				CLANG_ENABLE_OBJC_WEAK = YES;
				CLANG_WARN_BLOCK_CAPTURE_AUTORELEASING = YES;
				CLANG_WARN_BOOL_CONVERSION = YES;
				CLANG_WARN_COMMA = YES;
				CLANG_WARN_CONSTANT_CONVERSION = YES;
				CLANG_WARN_DEPRECATED_OBJC_IMPLEMENTATIONS = YES;
				CLANG_WARN_DIRECT_OBJC_ISA_USAGE = YES_ERROR;
				CLANG_WARN_DOCUMENTATION_COMMENTS = YES;
				CLANG_WARN_EMPTY_BODY = YES;
				CLANG_WARN_ENUM_CONVERSION = YES;
				CLANG_WARN_INFINITE_RECURSION = YES;
				CLANG_WARN_INT_CONVERSION = YES;
				CLANG_WARN_NON_LITERAL_NULL_CONVERSION = YES;
				CLANG_WARN_OBJC_IMPLICIT_RETAIN_SELF = YES;
				CLANG_WARN_OBJC_LITERAL_CONVERSION = YES;
				CLANG_WARN_OBJC_ROOT_CLASS = YES_ERROR;
				CLANG_WARN_QUOTED_INCLUDE_IN_FRAMEWORK_HEADER = YES;
				CLANG_WARN_RANGE_LOOP_ANALYSIS = YES;
				CLANG_WARN_STRICT_PROTOTYPES = YES;
				CLANG_WARN_SUSPICIOUS_MOVE = YES;
				CLANG_WARN_UNGUARDED_AVAILABILITY = YES_AGGRESSIVE;
				CLANG_WARN_UNREACHABLE_CODE = YES;
				CLANG_WARN__DUPLICATE_METHOD_MATCH = YES;
				COPY_PHASE_STRIP = NO;
				DEBUG_INFORMATION_FORMAT = "dwarf-with-dsym";
				ENABLE_NS_ASSERTIONS = NO;
				ENABLE_STRICT_OBJC_MSGSEND = YES;
				GCC_C_LANGUAGE_STANDARD = gnu11;
				GCC_NO_COMMON_BLOCKS = YES;
				GCC_WARN_64_TO_32_BIT_CONVERSION = YES;
				GCC_WARN_ABOUT_RETURN_TYPE = YES_ERROR;
				GCC_WARN_UNDECLARED_SELECTOR = YES;
				GCC_WARN_UNINITIALIZED_AUTOS = YES_AGGRESSIVE;
				GCC_WARN_UNUSED_FUNCTION = YES;
				GCC_WARN_UNUSED_VARIABLE = YES;
				IPHONEOS_DEPLOYMENT_TARGET = 16.2;
				MTL_ENABLE_DEBUG_INFO = NO;
				MTL_FAST_MATH = YES;
				SDKROOT = iphoneos;
				SWIFT_COMPILATION_MODE = wholemodule;
				SWIFT_OPTIMIZATION_LEVEL = "-O";
				VALIDATE_PRODUCT = YES;
			};
			name = Release;
		};
		ACEB1C1229C79E0E00F2CC61 /* Debug */ = {
			isa = XCBuildConfiguration;
			buildSettings = {
				ASSETCATALOG_COMPILER_APPICON_NAME = AppIcon;
				ASSETCATALOG_COMPILER_GLOBAL_ACCENT_COLOR_NAME = AccentColor;
				CODE_SIGN_STYLE = Automatic;
				CURRENT_PROJECT_VERSION = 1;
				DEVELOPMENT_ASSET_PATHS = "\"TipJar/Preview Content\"";
				DEVELOPMENT_TEAM = WELJRZLWLM;
				ENABLE_PREVIEWS = YES;
				GENERATE_INFOPLIST_FILE = YES;
				INFOPLIST_KEY_UIApplicationSceneManifest_Generation = YES;
				INFOPLIST_KEY_UIApplicationSupportsIndirectInputEvents = YES;
				INFOPLIST_KEY_UILaunchScreen_Generation = YES;
				INFOPLIST_KEY_UISupportedInterfaceOrientations_iPad = "UIInterfaceOrientationPortrait UIInterfaceOrientationPortraitUpsideDown UIInterfaceOrientationLandscapeLeft UIInterfaceOrientationLandscapeRight";
				INFOPLIST_KEY_UISupportedInterfaceOrientations_iPhone = "UIInterfaceOrientationPortrait UIInterfaceOrientationLandscapeLeft UIInterfaceOrientationLandscapeRight";
				LD_RUNPATH_SEARCH_PATHS = (
					"$(inherited)",
					"@executable_path/Frameworks",
				);
				MARKETING_VERSION = 1.0;
				PRODUCT_BUNDLE_IDENTIFIER = angelsoft.TipJar;
				PRODUCT_NAME = "$(TARGET_NAME)";
				SWIFT_EMIT_LOC_STRINGS = YES;
				SWIFT_VERSION = 5.0;
				TARGETED_DEVICE_FAMILY = "1,2";
			};
			name = Debug;
		};
		ACEB1C1329C79E0E00F2CC61 /* Release */ = {
			isa = XCBuildConfiguration;
			buildSettings = {
				ASSETCATALOG_COMPILER_APPICON_NAME = AppIcon;
				ASSETCATALOG_COMPILER_GLOBAL_ACCENT_COLOR_NAME = AccentColor;
				CODE_SIGN_STYLE = Automatic;
				CURRENT_PROJECT_VERSION = 1;
				DEVELOPMENT_ASSET_PATHS = "\"TipJar/Preview Content\"";
				DEVELOPMENT_TEAM = WELJRZLWLM;
				ENABLE_PREVIEWS = YES;
				GENERATE_INFOPLIST_FILE = YES;
				INFOPLIST_KEY_UIApplicationSceneManifest_Generation = YES;
				INFOPLIST_KEY_UIApplicationSupportsIndirectInputEvents = YES;
				INFOPLIST_KEY_UILaunchScreen_Generation = YES;
				INFOPLIST_KEY_UISupportedInterfaceOrientations_iPad = "UIInterfaceOrientationPortrait UIInterfaceOrientationPortraitUpsideDown UIInterfaceOrientationLandscapeLeft UIInterfaceOrientationLandscapeRight";
				INFOPLIST_KEY_UISupportedInterfaceOrientations_iPhone = "UIInterfaceOrientationPortrait UIInterfaceOrientationLandscapeLeft UIInterfaceOrientationLandscapeRight";
				LD_RUNPATH_SEARCH_PATHS = (
					"$(inherited)",
					"@executable_path/Frameworks",
				);
				MARKETING_VERSION = 1.0;
				PRODUCT_BUNDLE_IDENTIFIER = angelsoft.TipJar;
				PRODUCT_NAME = "$(TARGET_NAME)";
				SWIFT_EMIT_LOC_STRINGS = YES;
				SWIFT_VERSION = 5.0;
				TARGETED_DEVICE_FAMILY = "1,2";
			};
			name = Release;
		};
/* End XCBuildConfiguration section */

/* Begin XCConfigurationList section */
		ACEB1BFE29C79E0E00F2CC61 /* Build configuration list for PBXProject "TipJar" */ = {
			isa = XCConfigurationList;
			buildConfigurations = (
				ACEB1C0F29C79E0E00F2CC61 /* Debug */,
				ACEB1C1029C79E0E00F2CC61 /* Release */,
			);
			defaultConfigurationIsVisible = 0;
			defaultConfigurationName = Release;
		};
		ACEB1C1129C79E0E00F2CC61 /* Build configuration list for PBXNativeTarget "TipJar" */ = {
			isa = XCConfigurationList;
			buildConfigurations = (
				ACEB1C1229C79E0E00F2CC61 /* Debug */,
				ACEB1C1329C79E0E00F2CC61 /* Release */,
			);
			defaultConfigurationIsVisible = 0;
			defaultConfigurationName = Release;
		};
/* End XCConfigurationList section */

/* Begin XCRemoteSwiftPackageReference section */
		ACEB1C1429C79F6C00F2CC61 /* XCRemoteSwiftPackageReference "purchases-ios" */ = {
			isa = XCRemoteSwiftPackageReference;
			repositoryURL = "https://github.com/RevenueCat/purchases-ios.git";
			requirement = {
				branch = main;
				kind = branch;
			};
		};
/* End XCRemoteSwiftPackageReference section */

/* Begin XCSwiftPackageProductDependency section */
		ACEB1C1529C79F6C00F2CC61 /* RevenueCat */ = {
			isa = XCSwiftPackageProductDependency;
			package = ACEB1C1429C79F6C00F2CC61 /* XCRemoteSwiftPackageReference "purchases-ios" */;
			productName = RevenueCat;
		};
/* End XCSwiftPackageProductDependency section */
	};
	rootObject = ACEB1BFB29C79E0E00F2CC61 /* Project object */;
}
